
Microsoft Visual Studio Solution File, Format Version 12.00
# Visual Studio Version 16
VisualStudioVersion = 16.0.31410.357
MinimumVisualStudioVersion = 10.0.40219.1
Project("{FAE04EC0-301F-11D3-BF4B-00C04F79EFBC}") = "TreeNotes", "TreeNotes.csproj", "{37379341-450C-4FA2-B62A-5068465B6FBE}"
EndProject
Global
	GlobalSection(SolutionConfigurationPlatforms) = preSolution
		Debug|Any CPU = Debug|Any CPU
		Release|Any CPU = Release|Any CPU
	EndGlobalSection
	GlobalSection(ProjectConfigurationPlatforms) = postSolution
		{37379341-450C-4FA2-B62A-5068465B6FBE}.Debug|Any CPU.ActiveCfg = Debug|Any CPU
		{37379341-450C-4FA2-B62A-5068465B6FBE}.Debug|Any CPU.Build.0 = Debug|Any CPU
		{37379341-450C-4FA2-B62A-5068465B6FBE}.Release|Any CPU.ActiveCfg = Release|Any CPU
		{37379341-450C-4FA2-B62A-5068465B6FBE}.Release|Any CPU.Build.0 = Release|Any CPU
	EndGlobalSection
	GlobalSection(SolutionProperties) = preSolution
		HideSolutionNode = FALSE
	EndGlobalSection
	GlobalSection(ExtensibilityGlobals) = postSolution
		SolutionGuid = {C6E2DE72-F8DB-482B-8B60-941B2715504E}
	EndGlobalSection
EndGlobal
